// !$*UTF8*$!
{
	archiveVersion = 1;
	classes = {
	};
	objectVersion = 50;
	objects = {

/* Begin PBXBuildFile section */
		6812C85D26BEB09C001368E8 /* main.cpp in Sources */ = {isa = PBXBuildFile; fileRef = 6812C85C26BEB09C001368E8 /* main.cpp */; };
		6883597326C177E1004C462F /* main.cpp in Sources */ = {isa = PBXBuildFile; fileRef = 6883597226C177E1004C462F /* main.cpp */; };
		6883598F26C38C35004C462F /* Emun.cpp in Sources */ = {isa = PBXBuildFile; fileRef = 6812C84126BE5FCF001368E8 /* Emun.cpp */; };
/* End PBXBuildFile section */

/* Begin PBXCopyFilesBuildPhase section */
		6812C85826BEB09C001368E8 /* CopyFiles */ = {
			isa = PBXCopyFilesBuildPhase;
			buildActionMask = 2147483647;
			dstPath = /usr/share/man/man1/;
			dstSubfolderSpec = 0;
			files = (
			);
			runOnlyForDeploymentPostprocessing = 1;
		};
		6883596E26C177E1004C462F /* CopyFiles */ = {
			isa = PBXCopyFilesBuildPhase;
			buildActionMask = 2147483647;
			dstPath = /usr/share/man/man1/;
			dstSubfolderSpec = 0;
			files = (
			);
			runOnlyForDeploymentPostprocessing = 1;
		};
		6883598226C38C25004C462F /* CopyFiles */ = {
			isa = PBXCopyFilesBuildPhase;
			buildActionMask = 2147483647;
			dstPath = /usr/share/man/man1/;
			dstSubfolderSpec = 0;
			files = (
			);
			runOnlyForDeploymentPostprocessing = 1;
		};
/* End PBXCopyFilesBuildPhase section */

/* Begin PBXFileReference section */
		6812C84126BE5FCF001368E8 /* Emun.cpp */ = {isa = PBXFileReference; lastKnownFileType = sourcecode.cpp.cpp; path = Emun.cpp; sourceTree = "<group>"; };
		6812C84226BE5FCF001368E8 /* Emun.hpp */ = {isa = PBXFileReference; lastKnownFileType = sourcecode.cpp.h; path = Emun.hpp; sourceTree = "<group>"; };
		6812C84A26BE9F99001368E8 /* template.cpp */ = {isa = PBXFileReference; lastKnownFileType = sourcecode.cpp.cpp; path = template.cpp; sourceTree = "<group>"; };
		6812C84B26BE9F99001368E8 /* template.hpp */ = {isa = PBXFileReference; lastKnownFileType = sourcecode.cpp.h; path = template.hpp; sourceTree = "<group>"; };
		6812C85126BEA472001368E8 /* out_of_range.cpp */ = {isa = PBXFileReference; lastKnownFileType = sourcecode.cpp.cpp; path = out_of_range.cpp; sourceTree = "<group>"; };
		6812C85226BEA472001368E8 /* out_of_range.hpp */ = {isa = PBXFileReference; lastKnownFileType = sourcecode.cpp.h; path = out_of_range.hpp; sourceTree = "<group>"; };
		6812C85A26BEB09C001368E8 /* Exception */ = {isa = PBXFileReference; explicitFileType = "compiled.mach-o.executable"; includeInIndex = 0; path = Exception; sourceTree = BUILT_PRODUCTS_DIR; };
		6812C85C26BEB09C001368E8 /* main.cpp */ = {isa = PBXFileReference; lastKnownFileType = sourcecode.cpp.cpp; path = main.cpp; sourceTree = "<group>"; };
		6883597026C177E1004C462F /* Namespace */ = {isa = PBXFileReference; explicitFileType = "compiled.mach-o.executable"; includeInIndex = 0; path = Namespace; sourceTree = BUILT_PRODUCTS_DIR; };
		6883597226C177E1004C462F /* main.cpp */ = {isa = PBXFileReference; lastKnownFileType = sourcecode.cpp.cpp; path = main.cpp; sourceTree = "<group>"; };
		6883598426C38C25004C462F /* Emun */ = {isa = PBXFileReference; explicitFileType = "compiled.mach-o.executable"; includeInIndex = 0; path = Emun; sourceTree = BUILT_PRODUCTS_DIR; };
/* End PBXFileReference section */

/* Begin PBXFrameworksBuildPhase section */
		6812C85726BEB09C001368E8 /* Frameworks */ = {
			isa = PBXFrameworksBuildPhase;
			buildActionMask = 2147483647;
			files = (
			);
			runOnlyForDeploymentPostprocessing = 0;
		};
		6883596D26C177E1004C462F /* Frameworks */ = {
			isa = PBXFrameworksBuildPhase;
			buildActionMask = 2147483647;
			files = (
			);
			runOnlyForDeploymentPostprocessing = 0;
		};
		6883598126C38C25004C462F /* Frameworks */ = {
			isa = PBXFrameworksBuildPhase;
			buildActionMask = 2147483647;
			files = (
			);
			runOnlyForDeploymentPostprocessing = 0;
		};
/* End PBXFrameworksBuildPhase section */

/* Begin PBXGroup section */
		6812C82D26BE5FB6001368E8 = {
			isa = PBXGroup;
			children = (
				6812C83826BE5FB6001368E8 /* Practise */,
				6812C85B26BEB09C001368E8 /* Exception */,
				6883597126C177E1004C462F /* Namespace */,
				6883598526C38C25004C462F /* Emun */,
				6812C83726BE5FB6001368E8 /* Products */,
			);
			sourceTree = "<group>";
		};
		6812C83726BE5FB6001368E8 /* Products */ = {
			isa = PBXGroup;
			children = (
				6812C85A26BEB09C001368E8 /* Exception */,
				6883597026C177E1004C462F /* Namespace */,
				6883598426C38C25004C462F /* Emun */,
			);
			name = Products;
			sourceTree = "<group>";
		};
		6812C83826BE5FB6001368E8 /* Practise */ = {
			isa = PBXGroup;
			children = (
				6812C85026BEA3AC001368E8 /* Exception */,
				6812C84926BE9F7B001368E8 /* Template */,
			);
			path = Practise;
			sourceTree = "<group>";
		};
		6812C84926BE9F7B001368E8 /* Template */ = {
			isa = PBXGroup;
			children = (
				6812C84A26BE9F99001368E8 /* template.cpp */,
				6812C84B26BE9F99001368E8 /* template.hpp */,
			);
			path = Template;
			sourceTree = "<group>";
		};
		6812C85026BEA3AC001368E8 /* Exception */ = {
			isa = PBXGroup;
			children = (
				6812C85126BEA472001368E8 /* out_of_range.cpp */,
				6812C85226BEA472001368E8 /* out_of_range.hpp */,
			);
			path = Exception;
			sourceTree = "<group>";
		};
		6812C85B26BEB09C001368E8 /* Exception */ = {
			isa = PBXGroup;
			children = (
				6812C85C26BEB09C001368E8 /* main.cpp */,
			);
			path = Exception;
			sourceTree = "<group>";
		};
		6883597126C177E1004C462F /* Namespace */ = {
			isa = PBXGroup;
			children = (
				6883597226C177E1004C462F /* main.cpp */,
			);
			path = Namespace;
			sourceTree = "<group>";
		};
		6883598526C38C25004C462F /* Emun */ = {
			isa = PBXGroup;
			children = (
				6812C84126BE5FCF001368E8 /* Emun.cpp */,
				6812C84226BE5FCF001368E8 /* Emun.hpp */,
			);
			path = Emun;
			sourceTree = "<group>";
		};
/* End PBXGroup section */

/* Begin PBXNativeTarget section */
		6812C85926BEB09C001368E8 /* Exception */ = {
			isa = PBXNativeTarget;
			buildConfigurationList = 6812C85E26BEB09C001368E8 /* Build configuration list for PBXNativeTarget "Exception" */;
			buildPhases = (
				6812C85626BEB09C001368E8 /* Sources */,
				6812C85726BEB09C001368E8 /* Frameworks */,
				6812C85826BEB09C001368E8 /* CopyFiles */,
			);
			buildRules = (
			);
			dependencies = (
			);
			name = Exception;
			productName = Exception;
			productReference = 6812C85A26BEB09C001368E8 /* Exception */;
			productType = "com.apple.product-type.tool";
		};
		6883596F26C177E1004C462F /* Namespace */ = {
			isa = PBXNativeTarget;
			buildConfigurationList = 6883597626C177E1004C462F /* Build configuration list for PBXNativeTarget "Namespace" */;
			buildPhases = (
				6883596C26C177E1004C462F /* Sources */,
				6883596D26C177E1004C462F /* Frameworks */,
				6883596E26C177E1004C462F /* CopyFiles */,
			);
			buildRules = (
			);
			dependencies = (
			);
			name = Namespace;
			productName = Namespace;
			productReference = 6883597026C177E1004C462F /* Namespace */;
			productType = "com.apple.product-type.tool";
		};
		6883598326C38C25004C462F /* Emun */ = {
			isa = PBXNativeTarget;
			buildConfigurationList = 6883598826C38C25004C462F /* Build configuration list for PBXNativeTarget "Emun" */;
			buildPhases = (
				6883598026C38C25004C462F /* Sources */,
				6883598126C38C25004C462F /* Frameworks */,
				6883598226C38C25004C462F /* CopyFiles */,
			);
			buildRules = (
			);
			dependencies = (
			);
			name = Emun;
			productName = Emun;
			productReference = 6883598426C38C25004C462F /* Emun */;
			productType = "com.apple.product-type.tool";
		};
/* End PBXNativeTarget section */

/* Begin PBXProject section */
		6812C82E26BE5FB6001368E8 /* Project object */ = {
			isa = PBXProject;
			attributes = {
				LastUpgradeCheck = 1230;
				TargetAttributes = {
					6812C85926BEB09C001368E8 = {
						CreatedOnToolsVersion = 12.3;
					};
					6883596F26C177E1004C462F = {
						CreatedOnToolsVersion = 12.3;
					};
					6883598326C38C25004C462F = {
						CreatedOnToolsVersion = 12.3;
					};
				};
			};
			buildConfigurationList = 6812C83126BE5FB6001368E8 /* Build configuration list for PBXProject "Practise" */;
			compatibilityVersion = "Xcode 9.3";
			developmentRegion = en;
			hasScannedForEncodings = 0;
			knownRegions = (
				en,
				Base,
			);
			mainGroup = 6812C82D26BE5FB6001368E8;
			productRefGroup = 6812C83726BE5FB6001368E8 /* Products */;
			projectDirPath = "";
			projectRoot = "";
			targets = (
				6812C85926BEB09C001368E8 /* Exception */,
				6883596F26C177E1004C462F /* Namespace */,
				6883598326C38C25004C462F /* Emun */,
			);
		};
/* End PBXProject section */

/* Begin PBXSourcesBuildPhase section */
		6812C85626BEB09C001368E8 /* Sources */ = {
			isa = PBXSourcesBuildPhase;
			buildActionMask = 2147483647;
			files = (
				6812C85D26BEB09C001368E8 /* main.cpp in Sources */,
			);
			runOnlyForDeploymentPostprocessing = 0;
		};
		6883596C26C177E1004C462F /* Sources */ = {
			isa = PBXSourcesBuildPhase;
			buildActionMask = 2147483647;
			files = (
				6883597326C177E1004C462F /* main.cpp in Sources */,
			);
			runOnlyForDeploymentPostprocessing = 0;
		};
		6883598026C38C25004C462F /* Sources */ = {
			isa = PBXSourcesBuildPhase;
			buildActionMask = 2147483647;
			files = (
				6883598F26C38C35004C462F /* Emun.cpp in Sources */,
			);
			runOnlyForDeploymentPostprocessing = 0;
		};
/* End PBXSourcesBuildPhase section */

/* Begin XCBuildConfiguration section */
		6812C83B26BE5FB6001368E8 /* Debug */ = {
			isa = XCBuildConfiguration;
			buildSettings = {
				ALWAYS_SEARCH_USER_PATHS = NO;
				CLANG_ANALYZER_NONNULL = YES;
				CLANG_ANALYZER_NUMBER_OBJECT_CONVERSION = YES_AGGRESSIVE;
				CLANG_CXX_LANGUAGE_STANDARD = "gnu++14";
				CLANG_CXX_LIBRARY = "libc++";
				CLANG_ENABLE_MODULES = YES;
				CLANG_ENABLE_OBJC_ARC = YES;
				CLANG_ENABLE_OBJC_WEAK = YES;
				CLANG_WARN_BLOCK_CAPTURE_AUTORELEASING = YES;
				CLANG_WARN_BOOL_CONVERSION = YES;
				CLANG_WARN_COMMA = YES;
				CLANG_WARN_CONSTANT_CONVERSION = YES;
				CLANG_WARN_DEPRECATED_OBJC_IMPLEMENTATIONS = YES;
				CLANG_WARN_DIRECT_OBJC_ISA_USAGE = YES_ERROR;
				CLANG_WARN_DOCUMENTATION_COMMENTS = YES;
				CLANG_WARN_EMPTY_BODY = YES;
				CLANG_WARN_ENUM_CONVERSION = YES;
				CLANG_WARN_INFINITE_RECURSION = YES;
				CLANG_WARN_INT_CONVERSION = YES;
				CLANG_WARN_NON_LITERAL_NULL_CONVERSION = YES;
				CLANG_WARN_OBJC_IMPLICIT_RETAIN_SELF = YES;
				CLANG_WARN_OBJC_LITERAL_CONVERSION = YES;
				CLANG_WARN_OBJC_ROOT_CLASS = YES_ERROR;
				CLANG_WARN_QUOTED_INCLUDE_IN_FRAMEWORK_HEADER = YES;
				CLANG_WARN_RANGE_LOOP_ANALYSIS = YES;
				CLANG_WARN_STRICT_PROTOTYPES = YES;
				CLANG_WARN_SUSPICIOUS_MOVE = YES;
				CLANG_WARN_UNGUARDED_AVAILABILITY = YES_AGGRESSIVE;
				CLANG_WARN_UNREACHABLE_CODE = YES;
				CLANG_WARN__DUPLICATE_METHOD_MATCH = YES;
				COPY_PHASE_STRIP = NO;
				DEBUG_INFORMATION_FORMAT = dwarf;
				ENABLE_STRICT_OBJC_MSGSEND = YES;
				ENABLE_TESTABILITY = YES;
				GCC_C_LANGUAGE_STANDARD = gnu11;
				GCC_DYNAMIC_NO_PIC = NO;
				GCC_NO_COMMON_BLOCKS = YES;
				GCC_OPTIMIZATION_LEVEL = 0;
				GCC_PREPROCESSOR_DEFINITIONS = (
					"DEBUG=1",
					"$(inherited)",
				);
				GCC_WARN_64_TO_32_BIT_CONVERSION = YES;
				GCC_WARN_ABOUT_RETURN_TYPE = YES_ERROR;
				GCC_WARN_UNDECLARED_SELECTOR = YES;
				GCC_WARN_UNINITIALIZED_AUTOS = YES_AGGRESSIVE;
				GCC_WARN_UNUSED_FUNCTION = YES;
				GCC_WARN_UNUSED_VARIABLE = YES;
				MACOSX_DEPLOYMENT_TARGET = 11.1;
				MTL_ENABLE_DEBUG_INFO = INCLUDE_SOURCE;
				MTL_FAST_MATH = YES;
				ONLY_ACTIVE_ARCH = YES;
				SDKROOT = macosx;
			};
			name = Debug;
		};
		6812C83C26BE5FB6001368E8 /* Release */ = {
			isa = XCBuildConfiguration;
			buildSettings = {
				ALWAYS_SEARCH_USER_PATHS = NO;
				CLANG_ANALYZER_NONNULL = YES;
				CLANG_ANALYZER_NUMBER_OBJECT_CONVERSION = YES_AGGRESSIVE;
				CLANG_CXX_LANGUAGE_STANDARD = "gnu++14";
				CLANG_CXX_LIBRARY = "libc++";
				CLANG_ENABLE_MODULES = YES;
				CLANG_ENABLE_OBJC_ARC = YES;
				CLANG_ENABLE_OBJC_WEAK = YES;
				CLANG_WARN_BLOCK_CAPTURE_AUTORELEASING = YES;
				CLANG_WARN_BOOL_CONVERSION = YES;
				CLANG_WARN_COMMA = YES;
				CLANG_WARN_CONSTANT_CONVERSION = YES;
				CLANG_WARN_DEPRECATED_OBJC_IMPLEMENTATIONS = YES;
				CLANG_WARN_DIRECT_OBJC_ISA_USAGE = YES_ERROR;
				CLANG_WARN_DOCUMENTATION_COMMENTS = YES;
				CLANG_WARN_EMPTY_BODY = YES;
				CLANG_WARN_ENUM_CONVERSION = YES;
				CLANG_WARN_INFINITE_RECURSION = YES;
				CLANG_WARN_INT_CONVERSION = YES;
				CLANG_WARN_NON_LITERAL_NULL_CONVERSION = YES;
				CLANG_WARN_OBJC_IMPLICIT_RETAIN_SELF = YES;
				CLANG_WARN_OBJC_LITERAL_CONVERSION = YES;
				CLANG_WARN_OBJC_ROOT_CLASS = YES_ERROR;
				CLANG_WARN_QUOTED_INCLUDE_IN_FRAMEWORK_HEADER = YES;
				CLANG_WARN_RANGE_LOOP_ANALYSIS = YES;
				CLANG_WARN_STRICT_PROTOTYPES = YES;
				CLANG_WARN_SUSPICIOUS_MOVE = YES;
				CLANG_WARN_UNGUARDED_AVAILABILITY = YES_AGGRESSIVE;
				CLANG_WARN_UNREACHABLE_CODE = YES;
				CLANG_WARN__DUPLICATE_METHOD_MATCH = YES;
				COPY_PHASE_STRIP = NO;
				DEBUG_INFORMATION_FORMAT = "dwarf-with-dsym";
				ENABLE_NS_ASSERTIONS = NO;
				ENABLE_STRICT_OBJC_MSGSEND = YES;
				GCC_C_LANGUAGE_STANDARD = gnu11;
				GCC_NO_COMMON_BLOCKS = YES;
				GCC_WARN_64_TO_32_BIT_CONVERSION = YES;
				GCC_WARN_ABOUT_RETURN_TYPE = YES_ERROR;
				GCC_WARN_UNDECLARED_SELECTOR = YES;
				GCC_WARN_UNINITIALIZED_AUTOS = YES_AGGRESSIVE;
				GCC_WARN_UNUSED_FUNCTION = YES;
				GCC_WARN_UNUSED_VARIABLE = YES;
				MACOSX_DEPLOYMENT_TARGET = 11.1;
				MTL_ENABLE_DEBUG_INFO = NO;
				MTL_FAST_MATH = YES;
				SDKROOT = macosx;
			};
			name = Release;
		};
		6812C85F26BEB09C001368E8 /* Debug */ = {
			isa = XCBuildConfiguration;
			buildSettings = {
				CODE_SIGN_STYLE = Automatic;
				PRODUCT_NAME = "$(TARGET_NAME)";
			};
			name = Debug;
		};
		6812C86026BEB09C001368E8 /* Release */ = {
			isa = XCBuildConfiguration;
			buildSettings = {
				CODE_SIGN_STYLE = Automatic;
				PRODUCT_NAME = "$(TARGET_NAME)";
			};
			name = Release;
		};
		6883597426C177E1004C462F /* Debug */ = {
			isa = XCBuildConfiguration;
			buildSettings = {
				CODE_SIGN_STYLE = Automatic;
				PRODUCT_NAME = "$(TARGET_NAME)";
			};
			name = Debug;
		};
		6883597526C177E1004C462F /* Release */ = {
			isa = XCBuildConfiguration;
			buildSettings = {
				CODE_SIGN_STYLE = Automatic;
				PRODUCT_NAME = "$(TARGET_NAME)";
			};
			name = Release;
		};
		6883598926C38C25004C462F /* Debug */ = {
			isa = XCBuildConfiguration;
			buildSettings = {
				CODE_SIGN_STYLE = Automatic;
				PRODUCT_NAME = "$(TARGET_NAME)";
			};
			name = Debug;
		};
		6883598A26C38C25004C462F /* Release */ = {
			isa = XCBuildConfiguration;
			buildSettings = {
				CODE_SIGN_STYLE = Automatic;
				PRODUCT_NAME = "$(TARGET_NAME)";
			};
			name = Release;
		};
/* End XCBuildConfiguration section */

/* Begin XCConfigurationList section */
		6812C83126BE5FB6001368E8 /* Build configuration list for PBXProject "Practise" */ = {
			isa = XCConfigurationList;
			buildConfigurations = (
				6812C83B26BE5FB6001368E8 /* Debug */,
				6812C83C26BE5FB6001368E8 /* Release */,
			);
			defaultConfigurationIsVisible = 0;
			defaultConfigurationName = Release;
		};
		6812C85E26BEB09C001368E8 /* Build configuration list for PBXNativeTarget "Exception" */ = {
			isa = XCConfigurationList;
			buildConfigurations = (
				6812C85F26BEB09C001368E8 /* Debug */,
				6812C86026BEB09C001368E8 /* Release */,
			);
			defaultConfigurationIsVisible = 0;
			defaultConfigurationName = Release;
		};
		6883597626C177E1004C462F /* Build configuration list for PBXNativeTarget "Namespace" */ = {
			isa = XCConfigurationList;
			buildConfigurations = (
				6883597426C177E1004C462F /* Debug */,
				6883597526C177E1004C462F /* Release */,
			);
			defaultConfigurationIsVisible = 0;
			defaultConfigurationName = Release;
		};
		6883598826C38C25004C462F /* Build configuration list for PBXNativeTarget "Emun" */ = {
			isa = XCConfigurationList;
			buildConfigurations = (
				6883598926C38C25004C462F /* Debug */,
				6883598A26C38C25004C462F /* Release */,
			);
			defaultConfigurationIsVisible = 0;
			defaultConfigurationName = Release;
		};
/* End XCConfigurationList section */
	};
	rootObject = 6812C82E26BE5FB6001368E8 /* Project object */;
}
